
Microsoft Visual Studio Solution File, Format Version 12.00
# Visual Studio Version 16
VisualStudioVersion = 16.0.30803.129
MinimumVisualStudioVersion = 10.0.40219.1
Project("{FAE04EC0-301F-11D3-BF4B-00C04F79EFBC}") = "WPF first app", "WPF first app\WPF first app.csproj", "{520BE1AF-BBE8-48AF-88B4-2185E9FDEF7C}"
EndProject
Global
	GlobalSection(SolutionConfigurationPlatforms) = preSolution
		Debug|Any CPU = Debug|Any CPU
		Release|Any CPU = Release|Any CPU
	EndGlobalSection
	GlobalSection(ProjectConfigurationPlatforms) = postSolution
		{520BE1AF-BBE8-48AF-88B4-2185E9FDEF7C}.Debug|Any CPU.ActiveCfg = Debug|Any CPU
		{520BE1AF-BBE8-48AF-88B4-2185E9FDEF7C}.Debug|Any CPU.Build.0 = Debug|Any CPU
		{520BE1AF-BBE8-48AF-88B4-2185E9FDEF7C}.Release|Any CPU.ActiveCfg = Release|Any CPU
		{520BE1AF-BBE8-48AF-88B4-2185E9FDEF7C}.Release|Any CPU.Build.0 = Release|Any CPU
	EndGlobalSection
	GlobalSection(SolutionProperties) = preSolution
		HideSolutionNode = FALSE
	EndGlobalSection
	GlobalSection(ExtensibilityGlobals) = postSolution
		SolutionGuid = {00F10355-7CB2-4EFE-ABE6-F9DED5023EFE}
	EndGlobalSection
EndGlobal
